
Microsoft Visual Studio Solution File, Format Version 12.00
# Visual Studio Version 17
VisualStudioVersion = 17.9.34622.214
MinimumVisualStudioVersion = 10.0.40219.1
Project("{FAE04EC0-301F-11D3-BF4B-00C04F79EFBC}") = "WeatherGUI", "WeatherGUI.csproj", "{779BD05C-DD90-455B-A09A-9EB8169315BE}"
EndProject
Project("{FAE04EC0-301F-11D3-BF4B-00C04F79EFBC}") = "WeatherAPP", "..\WeatherAPP\WeatherAPP.csproj", "{95FA1D27-A0D8-4F56-BBEC-64849D4D5646}"
EndProject
Global
	GlobalSection(SolutionConfigurationPlatforms) = preSolution
		Debug|Any CPU = Debug|Any CPU
		Release|Any CPU = Release|Any CPU
	EndGlobalSection
	GlobalSection(ProjectConfigurationPlatforms) = postSolution
		{779BD05C-DD90-455B-A09A-9EB8169315BE}.Debug|Any CPU.ActiveCfg = Debug|Any CPU
		{779BD05C-DD90-455B-A09A-9EB8169315BE}.Debug|Any CPU.Build.0 = Debug|Any CPU
		{779BD05C-DD90-455B-A09A-9EB8169315BE}.Release|Any CPU.ActiveCfg = Release|Any CPU
		{779BD05C-DD90-455B-A09A-9EB8169315BE}.Release|Any CPU.Build.0 = Release|Any CPU
		{95FA1D27-A0D8-4F56-BBEC-64849D4D5646}.Debug|Any CPU.ActiveCfg = Debug|Any CPU
		{95FA1D27-A0D8-4F56-BBEC-64849D4D5646}.Debug|Any CPU.Build.0 = Debug|Any CPU
		{95FA1D27-A0D8-4F56-BBEC-64849D4D5646}.Release|Any CPU.ActiveCfg = Release|Any CPU
		{95FA1D27-A0D8-4F56-BBEC-64849D4D5646}.Release|Any CPU.Build.0 = Release|Any CPU
	EndGlobalSection
	GlobalSection(SolutionProperties) = preSolution
		HideSolutionNode = FALSE
	EndGlobalSection
	GlobalSection(ExtensibilityGlobals) = postSolution
		SolutionGuid = {6F12F1A7-8000-41E9-A7C1-C3DDD070B155}
	EndGlobalSection
EndGlobal
